
Microsoft Visual Studio Solution File, Format Version 12.00
# Visual Studio Version 16
VisualStudioVersion = 16.0.30114.105
MinimumVisualStudioVersion = 10.0.40219.1
Project("{2150E333-8FDC-42A3-9474-1A3956D46DE8}") = "src", "src", "{5123A870-EBE3-47CD-9A6D-0BBB4B0D9950}"
EndProject
Project("{FAE04EC0-301F-11D3-BF4B-00C04F79EFBC}") = "Api", "src\Api\Api.csproj", "{BDB46B29-93B5-45BE-9220-30A5829D2FE9}"
EndProject
Project("{FAE04EC0-301F-11D3-BF4B-00C04F79EFBC}") = "Business", "src\Business\Business.csproj", "{7ADD1B1A-6C3C-4F64-88B2-2D23F05B35F8}"
EndProject
Project("{FAE04EC0-301F-11D3-BF4B-00C04F79EFBC}") = "Domain", "src\Domain\Domain.csproj", "{C72CC328-EAAF-4B89-B324-B0328333E12C}"
EndProject
Project("{FAE04EC0-301F-11D3-BF4B-00C04F79EFBC}") = "Infrastructure", "src\Infrastructure\Infrastructure.csproj", "{A05D291B-84DE-4E2E-A490-06D15BEB6A17}"
EndProject
Global
	GlobalSection(SolutionConfigurationPlatforms) = preSolution
		Debug|Any CPU = Debug|Any CPU
		Debug|x64 = Debug|x64
		Debug|x86 = Debug|x86
		Release|Any CPU = Release|Any CPU
		Release|x64 = Release|x64
		Release|x86 = Release|x86
	EndGlobalSection
	GlobalSection(SolutionProperties) = preSolution
		HideSolutionNode = FALSE
	EndGlobalSection
	GlobalSection(ProjectConfigurationPlatforms) = postSolution
		{BDB46B29-93B5-45BE-9220-30A5829D2FE9}.Debug|Any CPU.ActiveCfg = Debug|Any CPU
		{BDB46B29-93B5-45BE-9220-30A5829D2FE9}.Debug|Any CPU.Build.0 = Debug|Any CPU
		{BDB46B29-93B5-45BE-9220-30A5829D2FE9}.Debug|x64.ActiveCfg = Debug|Any CPU
		{BDB46B29-93B5-45BE-9220-30A5829D2FE9}.Debug|x64.Build.0 = Debug|Any CPU
		{BDB46B29-93B5-45BE-9220-30A5829D2FE9}.Debug|x86.ActiveCfg = Debug|Any CPU
		{BDB46B29-93B5-45BE-9220-30A5829D2FE9}.Debug|x86.Build.0 = Debug|Any CPU
		{BDB46B29-93B5-45BE-9220-30A5829D2FE9}.Release|Any CPU.ActiveCfg = Release|Any CPU
		{BDB46B29-93B5-45BE-9220-30A5829D2FE9}.Release|Any CPU.Build.0 = Release|Any CPU
		{BDB46B29-93B5-45BE-9220-30A5829D2FE9}.Release|x64.ActiveCfg = Release|Any CPU
		{BDB46B29-93B5-45BE-9220-30A5829D2FE9}.Release|x64.Build.0 = Release|Any CPU
		{BDB46B29-93B5-45BE-9220-30A5829D2FE9}.Release|x86.ActiveCfg = Release|Any CPU
		{BDB46B29-93B5-45BE-9220-30A5829D2FE9}.Release|x86.Build.0 = Release|Any CPU
		{7ADD1B1A-6C3C-4F64-88B2-2D23F05B35F8}.Debug|Any CPU.ActiveCfg = Debug|Any CPU
		{7ADD1B1A-6C3C-4F64-88B2-2D23F05B35F8}.Debug|Any CPU.Build.0 = Debug|Any CPU
		{7ADD1B1A-6C3C-4F64-88B2-2D23F05B35F8}.Debug|x64.ActiveCfg = Debug|Any CPU
		{7ADD1B1A-6C3C-4F64-88B2-2D23F05B35F8}.Debug|x64.Build.0 = Debug|Any CPU
		{7ADD1B1A-6C3C-4F64-88B2-2D23F05B35F8}.Debug|x86.ActiveCfg = Debug|Any CPU
		{7ADD1B1A-6C3C-4F64-88B2-2D23F05B35F8}.Debug|x86.Build.0 = Debug|Any CPU
		{7ADD1B1A-6C3C-4F64-88B2-2D23F05B35F8}.Release|Any CPU.ActiveCfg = Release|Any CPU
		{7ADD1B1A-6C3C-4F64-88B2-2D23F05B35F8}.Release|Any CPU.Build.0 = Release|Any CPU
		{7ADD1B1A-6C3C-4F64-88B2-2D23F05B35F8}.Release|x64.ActiveCfg = Release|Any CPU
		{7ADD1B1A-6C3C-4F64-88B2-2D23F05B35F8}.Release|x64.Build.0 = Release|Any CPU
		{7ADD1B1A-6C3C-4F64-88B2-2D23F05B35F8}.Release|x86.ActiveCfg = Release|Any CPU
		{7ADD1B1A-6C3C-4F64-88B2-2D23F05B35F8}.Release|x86.Build.0 = Release|Any CPU
		{C72CC328-EAAF-4B89-B324-B0328333E12C}.Debug|Any CPU.ActiveCfg = Debug|Any CPU
		{C72CC328-EAAF-4B89-B324-B0328333E12C}.Debug|Any CPU.Build.0 = Debug|Any CPU
		{C72CC328-EAAF-4B89-B324-B0328333E12C}.Debug|x64.ActiveCfg = Debug|Any CPU
		{C72CC328-EAAF-4B89-B324-B0328333E12C}.Debug|x64.Build.0 = Debug|Any CPU
		{C72CC328-EAAF-4B89-B324-B0328333E12C}.Debug|x86.ActiveCfg = Debug|Any CPU
		{C72CC328-EAAF-4B89-B324-B0328333E12C}.Debug|x86.Build.0 = Debug|Any CPU
		{C72CC328-EAAF-4B89-B324-B0328333E12C}.Release|Any CPU.ActiveCfg = Release|Any CPU
		{C72CC328-EAAF-4B89-B324-B0328333E12C}.Release|Any CPU.Build.0 = Release|Any CPU
		{C72CC328-EAAF-4B89-B324-B0328333E12C}.Release|x64.ActiveCfg = Release|Any CPU
		{C72CC328-EAAF-4B89-B324-B0328333E12C}.Release|x64.Build.0 = Release|Any CPU
		{C72CC328-EAAF-4B89-B324-B0328333E12C}.Release|x86.ActiveCfg = Release|Any CPU
		{C72CC328-EAAF-4B89-B324-B0328333E12C}.Release|x86.Build.0 = Release|Any CPU
		{A05D291B-84DE-4E2E-A490-06D15BEB6A17}.Debug|Any CPU.ActiveCfg = Debug|Any CPU
		{A05D291B-84DE-4E2E-A490-06D15BEB6A17}.Debug|Any CPU.Build.0 = Debug|Any CPU
		{A05D291B-84DE-4E2E-A490-06D15BEB6A17}.Debug|x64.ActiveCfg = Debug|Any CPU
		{A05D291B-84DE-4E2E-A490-06D15BEB6A17}.Debug|x64.Build.0 = Debug|Any CPU
		{A05D291B-84DE-4E2E-A490-06D15BEB6A17}.Debug|x86.ActiveCfg = Debug|Any CPU
		{A05D291B-84DE-4E2E-A490-06D15BEB6A17}.Debug|x86.Build.0 = Debug|Any CPU
		{A05D291B-84DE-4E2E-A490-06D15BEB6A17}.Release|Any CPU.ActiveCfg = Release|Any CPU
		{A05D291B-84DE-4E2E-A490-06D15BEB6A17}.Release|Any CPU.Build.0 = Release|Any CPU
		{A05D291B-84DE-4E2E-A490-06D15BEB6A17}.Release|x64.ActiveCfg = Release|Any CPU
		{A05D291B-84DE-4E2E-A490-06D15BEB6A17}.Release|x64.Build.0 = Release|Any CPU
		{A05D291B-84DE-4E2E-A490-06D15BEB6A17}.Release|x86.ActiveCfg = Release|Any CPU
		{A05D291B-84DE-4E2E-A490-06D15BEB6A17}.Release|x86.Build.0 = Release|Any CPU
	EndGlobalSection
	GlobalSection(NestedProjects) = preSolution
		{BDB46B29-93B5-45BE-9220-30A5829D2FE9} = {5123A870-EBE3-47CD-9A6D-0BBB4B0D9950}
		{7ADD1B1A-6C3C-4F64-88B2-2D23F05B35F8} = {5123A870-EBE3-47CD-9A6D-0BBB4B0D9950}
		{C72CC328-EAAF-4B89-B324-B0328333E12C} = {5123A870-EBE3-47CD-9A6D-0BBB4B0D9950}
		{A05D291B-84DE-4E2E-A490-06D15BEB6A17} = {5123A870-EBE3-47CD-9A6D-0BBB4B0D9950}
	EndGlobalSection
EndGlobal
